{
  "name": "classicaldb-service-metadata",
  "version": "1.0.0",
  "dependencies": {
    "es6-promise": {
      "version": "2.3.0",
      "from": "https://registry.npmjs.org/es6-promise/-/es6-promise-2.3.0.tgz",
      "resolved": "https://registry.npmjs.org/es6-promise/-/es6-promise-2.3.0.tgz"
    },
    "glob": {
      "version": "5.0.12",
      "from": "glob@5.0.12",
      "resolved": "https://registry.npmjs.org/glob/-/glob-5.0.12.tgz",
      "dependencies": {
        "inflight": {
          "version": "1.0.4",
          "from": "inflight@>=1.0.4 <2.0.0",
          "resolved": "https://registry.npmjs.org/inflight/-/inflight-1.0.4.tgz",
          "dependencies": {
            "wrappy": {
              "version": "1.0.1",
              "from": "wrappy@>=1.0.0 <2.0.0",
              "resolved": "https://registry.npmjs.org/wrappy/-/wrappy-1.0.1.tgz"
            }
          }
        },
        "inherits": {
          "version": "2.0.1",
          "from": "inherits@>=2.0.0 <3.0.0",
          "resolved": "https://registry.npmjs.org/inherits/-/inherits-2.0.1.tgz"
        },
        "minimatch": {
          "version": "2.0.8",
          "from": "minimatch@>=2.0.1 <3.0.0",
          "resolved": "https://registry.npmjs.org/minimatch/-/minimatch-2.0.8.tgz",
          "dependencies": {
            "brace-expansion": {
              "version": "1.1.0",
              "from": "brace-expansion@>=1.0.0 <2.0.0",
              "resolved": "https://registry.npmjs.org/brace-expansion/-/brace-expansion-1.1.0.tgz",
              "dependencies": {
                "balanced-match": {
                  "version": "0.2.0",
                  "from": "balanced-match@>=0.2.0 <0.3.0",
                  "resolved": "https://registry.npmjs.org/balanced-match/-/balanced-match-0.2.0.tgz"
                },
                "concat-map": {
                  "version": "0.0.1",
                  "from": "concat-map@0.0.1",
                  "resolved": "https://registry.npmjs.org/concat-map/-/concat-map-0.0.1.tgz"
                }
              }
            }
          }
        },
        "once": {
          "version": "1.3.2",
          "from": "once@>=1.3.0 <2.0.0",
          "resolved": "https://registry.npmjs.org/once/-/once-1.3.2.tgz",
          "dependencies": {
            "wrappy": {
              "version": "1.0.1",
              "from": "wrappy@>=1.0.0 <2.0.0",
              "resolved": "https://registry.npmjs.org/wrappy/-/wrappy-1.0.1.tgz"
            }
          }
        },
        "path-is-absolute": {
          "version": "1.0.0",
          "from": "path-is-absolute@>=1.0.0 <2.0.0",
          "resolved": "https://registry.npmjs.org/path-is-absolute/-/path-is-absolute-1.0.0.tgz"
        }
      }
    },
    "object-assign": {
      "version": "3.0.0",
      "from": "object-assign@>=3.0.0 <4.0.0",
      "resolved": "https://registry.npmjs.org/object-assign/-/object-assign-3.0.0.tgz"
    },
    "pg": {
      "version": "4.4.0",
      "from": "pg@*",
      "resolved": "https://registry.npmjs.org/pg/-/pg-4.4.0.tgz",
      "dependencies": {
        "buffer-writer": {
          "version": "1.0.0",
          "from": "buffer-writer@1.0.0",
          "resolved": "https://registry.npmjs.org/buffer-writer/-/buffer-writer-1.0.0.tgz"
        },
        "generic-pool": {
          "version": "2.1.1",
          "from": "generic-pool@2.1.1",
          "resolved": "https://registry.npmjs.org/generic-pool/-/generic-pool-2.1.1.tgz"
        },
        "packet-reader": {
          "version": "0.2.0",
          "from": "packet-reader@0.2.0",
          "resolved": "https://registry.npmjs.org/packet-reader/-/packet-reader-0.2.0.tgz"
        },
        "pg-connection-string": {
          "version": "0.1.3",
          "from": "pg-connection-string@0.1.3",
          "resolved": "https://registry.npmjs.org/pg-connection-string/-/pg-connection-string-0.1.3.tgz"
        },
        "pg-types": {
          "version": "1.7.0",
          "from": "pg-types@>=1.0.0 <2.0.0",
          "resolved": "https://registry.npmjs.org/pg-types/-/pg-types-1.7.0.tgz"
        },
        "pgpass": {
          "version": "0.0.3",
          "from": "pgpass@0.0.3",
          "resolved": "https://registry.npmjs.org/pgpass/-/pgpass-0.0.3.tgz",
          "dependencies": {
            "split": {
              "version": "0.3.3",
              "from": "split@>=0.3.0 <0.4.0",
              "resolved": "https://registry.npmjs.org/split/-/split-0.3.3.tgz",
              "dependencies": {
                "through": {
                  "version": "2.3.7",
                  "from": "through@>=2.0.0 <3.0.0",
                  "resolved": "https://registry.npmjs.org/through/-/through-2.3.7.tgz"
                }
              }
            }
          }
        }
      }
    },
    "pg-hstore": {
      "version": "2.3.2",
      "from": "pg-hstore@*",
      "resolved": "https://registry.npmjs.org/pg-hstore/-/pg-hstore-2.3.2.tgz",
      "dependencies": {
        "underscore": {
          "version": "1.8.3",
          "from": "underscore@>=1.7.0 <2.0.0",
          "resolved": "https://registry.npmjs.org/underscore/-/underscore-1.8.3.tgz"
        }
      }
    },
    "restify": {
      "version": "3.0.3",
      "from": "restify@*",
      "resolved": "https://registry.npmjs.org/restify/-/restify-3.0.3.tgz",
      "dependencies": {
        "assert-plus": {
          "version": "0.1.5",
          "from": "assert-plus@>=0.1.5 <0.2.0",
          "resolved": "https://registry.npmjs.org/assert-plus/-/assert-plus-0.1.5.tgz"
        },
        "backoff": {
          "version": "2.4.1",
          "from": "backoff@>=2.4.0 <3.0.0",
          "resolved": "https://registry.npmjs.org/backoff/-/backoff-2.4.1.tgz",
          "dependencies": {
            "precond": {
              "version": "0.2.3",
              "from": "precond@>=0.2.0 <0.3.0",
              "resolved": "https://registry.npmjs.org/precond/-/precond-0.2.3.tgz"
            }
          }
        },
        "bunyan": {
          "version": "1.3.4",
          "from": "bunyan@1.3.4",
          "resolved": "https://registry.npmjs.org/bunyan/-/bunyan-1.3.4.tgz",
          "dependencies": {
            "mv": {
              "version": "2.1.0",
              "from": "mv@>=2.0.0 <3.0.0",
              "resolved": "https://registry.npmjs.org/mv/-/mv-2.1.0.tgz",
              "dependencies": {
                "mkdirp": {
                  "version": "0.5.1",
                  "from": "mkdirp@>=0.5.1 <0.6.0",
                  "resolved": "https://registry.npmjs.org/mkdirp/-/mkdirp-0.5.1.tgz",
                  "dependencies": {
                    "minimist": {
                      "version": "0.0.8",
                      "from": "minimist@0.0.8",
                      "resolved": "https://registry.npmjs.org/minimist/-/minimist-0.0.8.tgz"
                    }
                  }
                },
                "ncp": {
                  "version": "2.0.0",
                  "from": "ncp@>=2.0.0 <2.1.0",
                  "resolved": "https://registry.npmjs.org/ncp/-/ncp-2.0.0.tgz"
                },
                "rimraf": {
                  "version": "2.4.0",
                  "from": "rimraf@>=2.4.0 <2.5.0",
                  "resolved": "https://registry.npmjs.org/rimraf/-/rimraf-2.4.0.tgz",
                  "dependencies": {
                    "glob": {
                      "version": "4.5.3",
                      "from": "glob@>=4.4.2 <5.0.0",
                      "resolved": "https://registry.npmjs.org/glob/-/glob-4.5.3.tgz",
                      "dependencies": {
                        "inflight": {
                          "version": "1.0.4",
                          "from": "inflight@>=1.0.4 <2.0.0",
                          "resolved": "https://registry.npmjs.org/inflight/-/inflight-1.0.4.tgz",
                          "dependencies": {
                            "wrappy": {
                              "version": "1.0.1",
                              "from": "wrappy@>=1.0.0 <2.0.0",
                              "resolved": "https://registry.npmjs.org/wrappy/-/wrappy-1.0.1.tgz"
                            }
                          }
                        },
                        "inherits": {
                          "version": "2.0.1",
                          "from": "inherits@>=2.0.0 <3.0.0",
                          "resolved": "https://registry.npmjs.org/inherits/-/inherits-2.0.1.tgz"
                        },
                        "minimatch": {
                          "version": "2.0.8",
                          "from": "minimatch@>=2.0.1 <3.0.0",
                          "resolved": "https://registry.npmjs.org/minimatch/-/minimatch-2.0.8.tgz",
                          "dependencies": {
                            "brace-expansion": {
                              "version": "1.1.0",
                              "from": "brace-expansion@>=1.0.0 <2.0.0",
                              "resolved": "https://registry.npmjs.org/brace-expansion/-/brace-expansion-1.1.0.tgz",
                              "dependencies": {
                                "balanced-match": {
                                  "version": "0.2.0",
                                  "from": "balanced-match@>=0.2.0 <0.3.0",
                                  "resolved": "https://registry.npmjs.org/balanced-match/-/balanced-match-0.2.0.tgz"
                                },
                                "concat-map": {
                                  "version": "0.0.1",
                                  "from": "concat-map@0.0.1",
                                  "resolved": "https://registry.npmjs.org/concat-map/-/concat-map-0.0.1.tgz"
                                }
                              }
                            }
                          }
                        }
                      }
                    }
                  }
                }
              }
            },
            "safe-json-stringify": {
              "version": "1.0.3",
              "from": "safe-json-stringify@>=1.0.0 <2.0.0",
              "resolved": "https://registry.npmjs.org/safe-json-stringify/-/safe-json-stringify-1.0.3.tgz"
            }
          }
        },
        "csv": {
          "version": "0.4.5",
          "from": "csv@>=0.4.0 <0.5.0",
          "resolved": "https://registry.npmjs.org/csv/-/csv-0.4.5.tgz",
          "dependencies": {
            "csv-generate": {
              "version": "0.0.6",
              "from": "csv-generate@>=0.0.6 <0.0.7",
              "resolved": "https://registry.npmjs.org/csv-generate/-/csv-generate-0.0.6.tgz"
            },
            "csv-parse": {
              "version": "0.1.3",
              "from": "csv-parse@>=0.1.3 <0.2.0",
              "resolved": "https://registry.npmjs.org/csv-parse/-/csv-parse-0.1.3.tgz"
            },
            "stream-transform": {
              "version": "0.1.0",
              "from": "stream-transform@>=0.1.0 <0.2.0",
              "resolved": "https://registry.npmjs.org/stream-transform/-/stream-transform-0.1.0.tgz"
            },
            "csv-stringify": {
              "version": "0.0.8",
              "from": "csv-stringify@>=0.0.8 <0.0.9",
              "resolved": "https://registry.npmjs.org/csv-stringify/-/csv-stringify-0.0.8.tgz"
            }
          }
        },
        "deep-equal": {
          "version": "1.0.0",
          "from": "deep-equal@>=1.0.0 <2.0.0",
          "resolved": "https://registry.npmjs.org/deep-equal/-/deep-equal-1.0.0.tgz"
        },
        "escape-regexp-component": {
          "version": "1.0.2",
          "from": "escape-regexp-component@>=1.0.2 <2.0.0",
          "resolved": "https://registry.npmjs.org/escape-regexp-component/-/escape-regexp-component-1.0.2.tgz"
        },
        "formidable": {
          "version": "1.0.17",
          "from": "formidable@>=1.0.14 <2.0.0",
          "resolved": "https://registry.npmjs.org/formidable/-/formidable-1.0.17.tgz"
        },
        "http-signature": {
          "version": "0.10.1",
          "from": "http-signature@>=0.10.0 <0.11.0",
          "resolved": "https://registry.npmjs.org/http-signature/-/http-signature-0.10.1.tgz",
          "dependencies": {
            "asn1": {
              "version": "0.1.11",
              "from": "asn1@0.1.11",
              "resolved": "https://registry.npmjs.org/asn1/-/asn1-0.1.11.tgz"
            },
            "ctype": {
              "version": "0.5.3",
              "from": "ctype@0.5.3",
              "resolved": "https://registry.npmjs.org/ctype/-/ctype-0.5.3.tgz"
            }
          }
        },
        "keep-alive-agent": {
          "version": "0.0.1",
          "from": "keep-alive-agent@>=0.0.1 <0.0.2",
          "resolved": "https://registry.npmjs.org/keep-alive-agent/-/keep-alive-agent-0.0.1.tgz"
        },
        "lru-cache": {
          "version": "2.6.4",
          "from": "lru-cache@>=2.5.0 <3.0.0",
          "resolved": "https://registry.npmjs.org/lru-cache/-/lru-cache-2.6.4.tgz"
        },
        "mime": {
          "version": "1.3.4",
          "from": "mime@>=1.2.11 <2.0.0",
          "resolved": "https://registry.npmjs.org/mime/-/mime-1.3.4.tgz"
        },
        "negotiator": {
          "version": "0.5.3",
          "from": "negotiator@>=0.5.1 <0.6.0",
          "resolved": "https://registry.npmjs.org/negotiator/-/negotiator-0.5.3.tgz"
        },
        "node-uuid": {
          "version": "1.4.3",
          "from": "node-uuid@>=1.4.1 <2.0.0",
          "resolved": "https://registry.npmjs.org/node-uuid/-/node-uuid-1.4.3.tgz"
        },
        "once": {
          "version": "1.3.2",
          "from": "once@>=1.3.0 <2.0.0",
          "resolved": "https://registry.npmjs.org/once/-/once-1.3.2.tgz",
          "dependencies": {
            "wrappy": {
              "version": "1.0.1",
              "from": "wrappy@>=1.0.0 <2.0.0",
              "resolved": "https://registry.npmjs.org/wrappy/-/wrappy-1.0.1.tgz"
            }
          }
        },
        "qs": {
          "version": "2.4.2",
          "from": "qs@>=2.4.1 <3.0.0",
          "resolved": "https://registry.npmjs.org/qs/-/qs-2.4.2.tgz"
        },
        "semver": {
          "version": "4.3.6",
          "from": "semver@>=4.3.3 <5.0.0",
          "resolved": "https://registry.npmjs.org/semver/-/semver-4.3.6.tgz"
        },
        "spdy": {
          "version": "1.32.0",
          "from": "spdy@>=1.26.5 <2.0.0",
          "resolved": "https://registry.npmjs.org/spdy/-/spdy-1.32.0.tgz"
        },
        "tunnel-agent": {
          "version": "0.4.0",
          "from": "tunnel-agent@>=0.4.0 <0.5.0",
          "resolved": "https://registry.npmjs.org/tunnel-agent/-/tunnel-agent-0.4.0.tgz"
        },
        "verror": {
          "version": "1.6.0",
          "from": "verror@>=1.4.0 <2.0.0",
          "resolved": "https://registry.npmjs.org/verror/-/verror-1.6.0.tgz",
          "dependencies": {
            "extsprintf": {
              "version": "1.2.0",
              "from": "extsprintf@1.2.0",
              "resolved": "https://registry.npmjs.org/extsprintf/-/extsprintf-1.2.0.tgz"
            }
          }
        },
        "dtrace-provider": {
          "version": "0.4.0",
          "from": "dtrace-provider@>=0.4.0 <0.5.0",
          "resolved": "https://registry.npmjs.org/dtrace-provider/-/dtrace-provider-0.4.0.tgz",
          "dependencies": {
            "nan": {
              "version": "1.5.3",
              "from": "nan@>=1.5.1 <1.6.0",
              "resolved": "https://registry.npmjs.org/nan/-/nan-1.5.3.tgz"
            }
          }
        }
      }
    },
    "semver": {
      "version": "4.3.6",
      "from": "semver@*",
      "resolved": "https://registry.npmjs.org/semver/-/semver-4.3.6.tgz"
    },
    "sequelize": {
      "version": "3.3.2",
      "from": "sequelize@*",
      "resolved": "https://registry.npmjs.org/sequelize/-/sequelize-3.3.2.tgz",
      "dependencies": {
        "bluebird": {
          "version": "2.9.30",
          "from": "bluebird@>=2.9.24 <2.10.0",
          "resolved": "https://registry.npmjs.org/bluebird/-/bluebird-2.9.30.tgz"
        },
        "depd": {
          "version": "1.0.1",
          "from": "depd@>=1.0.1 <2.0.0",
          "resolved": "https://registry.npmjs.org/depd/-/depd-1.0.1.tgz"
        },
        "dottie": {
          "version": "0.3.1",
          "from": "dottie@>=0.3.1 <0.4.0",
          "resolved": "https://registry.npmjs.org/dottie/-/dottie-0.3.1.tgz"
        },
        "generic-pool": {
          "version": "2.2.0",
          "from": "generic-pool@2.2.0",
          "resolved": "https://registry.npmjs.org/generic-pool/-/generic-pool-2.2.0.tgz"
        },
        "inflection": {
          "version": "1.7.1",
          "from": "inflection@>=1.6.0 <2.0.0",
          "resolved": "https://registry.npmjs.org/inflection/-/inflection-1.7.1.tgz"
        },
        "lodash": {
          "version": "3.9.3",
          "from": "lodash@>=3.9.3 <4.0.0",
          "resolved": "https://registry.npmjs.org/lodash/-/lodash-3.9.3.tgz"
        },
        "moment": {
          "version": "2.10.3",
          "from": "moment@>=2.9.0 <3.0.0",
          "resolved": "https://registry.npmjs.org/moment/-/moment-2.10.3.tgz"
        },
        "moment-timezone": {
          "version": "0.4.0",
          "from": "moment-timezone@>=0.4.0 <0.5.0",
          "resolved": "https://registry.npmjs.org/moment-timezone/-/moment-timezone-0.4.0.tgz"
        },
        "node-uuid": {
          "version": "1.4.3",
          "from": "node-uuid@>=1.4.1 <1.5.0",
          "resolved": "https://registry.npmjs.org/node-uuid/-/node-uuid-1.4.3.tgz"
        },
        "shimmer": {
          "version": "1.0.0",
          "from": "shimmer@1.0.0",
          "resolved": "https://registry.npmjs.org/shimmer/-/shimmer-1.0.0.tgz"
        },
        "toposort-class": {
          "version": "0.3.1",
          "from": "toposort-class@>=0.3.0 <0.4.0",
          "resolved": "https://registry.npmjs.org/toposort-class/-/toposort-class-0.3.1.tgz"
        },
        "validator": {
          "version": "3.40.1",
          "from": "validator@>=3.34.0 <4.0.0",
          "resolved": "https://registry.npmjs.org/validator/-/validator-3.40.1.tgz"
        }
      }
    }
  }
}
